{
  "requires": true,
  "lockfileVersion": 1,
  "dependencies": {
    "awesome-phonenumber": {
      "version": "2.2.6",
      "resolved": "https://registry.npmjs.org/awesome-phonenumber/-/awesome-phonenumber-2.2.6.tgz",
      "integrity": "sha512-ekHv73VuBv341nLgQ36nEDGU2rXf/SCkAfnKC6Lzbau/0b0PZBd+H/y9h95xpMTnlikR2p65EQ/VpWsgkA3kbw=="
    },
    "big-integer": {
      "version": "1.6.36",
      "resolved": "https://registry.npmjs.org/big-integer/-/big-integer-1.6.36.tgz",
      "integrity": "sha512-t70bfa7HYEA1D9idDbmuv7YbsbVkQ+Hp+8KFSul4aE5e/i1bjCNIRYJZlA8Q8p0r9T8cF/RVvwUgRA//FydEyg=="
    },
    "cron": {
      "version": "1.4.1",
      "resolved": "https://registry.npmjs.org/cron/-/cron-1.4.1.tgz",
      "integrity": "sha512-HlglwQUNh6bhgfoDR6aEzyHN2T4bc0XhxJxkNPp+Ry7lK7Noby94pHcngYf634+MtxplwZm8okFgNe+R9PGDjg==",
      "requires": {
        "moment-timezone": "0.5.16"
      }
    },
    "hashlru": {
      "version": "2.2.1",
      "resolved": "https://registry.npmjs.org/hashlru/-/hashlru-2.2.1.tgz",
      "integrity": "sha1-EPIJmg18BaQPK+r1wdOc8vfavzY="
    },
    "ip-country": {
      "version": "1.0.2",
      "resolved": "https://registry.npmjs.org/ip-country/-/ip-country-1.0.2.tgz",
      "integrity": "sha1-Ya++cVMp+EKT4cBTPIjOgmeCuCQ=",
      "requires": {
        "mmdb-reader": "1.2.0"
      }
    },
    "mmdb-reader": {
      "version": "1.2.0",
      "resolved": "https://registry.npmjs.org/mmdb-reader/-/mmdb-reader-1.2.0.tgz",
      "integrity": "sha512-H6B2VFogE+2VM/1qxEhGWbIxOy6hATZ1vx1uW7/8wIltC0+4vOirnyeqquCslCXCEIgJ4VGrSxknL3BhNzkASg==",
      "requires": {
        "big-integer": "1.6.36",
        "hashlru": "2.2.1"
      }
    },
    "moment": {
      "version": "2.22.1",
      "resolved": "https://registry.npmjs.org/moment/-/moment-2.22.1.tgz",
      "integrity": "sha512-shJkRTSebXvsVqk56I+lkb2latjBs8I+pc2TzWc545y2iFnSjm7Wg0QMh+ZWcdSLQyGEau5jI8ocnmkyTgr9YQ=="
    },
    "moment-timezone": {
      "version": "0.5.16",
      "resolved": "https://registry.npmjs.org/moment-timezone/-/moment-timezone-0.5.16.tgz",
      "integrity": "sha512-4d1l92plNNqnMkqI/7boWNVXJvwGL2WyByl1Hxp3h/ao3HZiAqaoQY+6KBkYdiN5QtNDpndq+58ozl8W4GVoNw==",
      "requires": {
        "moment": "2.22.1"
      }
    },
    "random-number": {
      "version": "0.0.9",
      "resolved": "https://registry.npmjs.org/random-number/-/random-number-0.0.9.tgz",
      "integrity": "sha512-ipG3kRCREi/YQpi2A5QGcvDz1KemohovWmH6qGfboVyyGdR2t/7zQz0vFxrfxpbHQgPPdtVlUDaks3aikD1Ljw=="
    },
    "validator": {
      "version": "10.7.1",
      "resolved": "https://registry.npmjs.org/validator/-/validator-10.7.1.tgz",
      "integrity": "sha512-tbB5JrTczfeHKLw3PnFRzGFlF1xUAwSgXEDb66EuX1ffCirspYpDEZo3Vc9j38gPdL4JKrDc5UPFfgYiw1IWRQ=="
    }
  }
}
