{
  "requires": true,
  "lockfileVersion": 1,
  "dependencies": {
    "cron": {
      "version": "1.4.1",
      "resolved": "https://registry.npmjs.org/cron/-/cron-1.4.1.tgz",
      "integrity": "sha512-HlglwQUNh6bhgfoDR6aEzyHN2T4bc0XhxJxkNPp+Ry7lK7Noby94pHcngYf634+MtxplwZm8okFgNe+R9PGDjg==",
      "requires": {
        "moment-timezone": "0.5.16"
      }
    },
    "moment": {
      "version": "2.22.1",
      "resolved": "https://registry.npmjs.org/moment/-/moment-2.22.1.tgz",
      "integrity": "sha512-shJkRTSebXvsVqk56I+lkb2latjBs8I+pc2TzWc545y2iFnSjm7Wg0QMh+ZWcdSLQyGEau5jI8ocnmkyTgr9YQ=="
    },
    "moment-timezone": {
      "version": "0.5.16",
      "resolved": "https://registry.npmjs.org/moment-timezone/-/moment-timezone-0.5.16.tgz",
      "integrity": "sha512-4d1l92plNNqnMkqI/7boWNVXJvwGL2WyByl1Hxp3h/ao3HZiAqaoQY+6KBkYdiN5QtNDpndq+58ozl8W4GVoNw==",
      "requires": {
        "moment": "2.22.1"
      }
    },
    "validator": {
      "version": "10.7.1",
      "resolved": "https://registry.npmjs.org/validator/-/validator-10.7.1.tgz",
      "integrity": "sha512-tbB5JrTczfeHKLw3PnFRzGFlF1xUAwSgXEDb66EuX1ffCirspYpDEZo3Vc9j38gPdL4JKrDc5UPFfgYiw1IWRQ=="
    }
  }
}
